Microsoft Visual Studio Solution File, Format Version 11.00
# Visual Studio 2008

Project("{CE750B66-122B-9B52-935D-12204AAF516A}") = "TreeSim", "Assembly-CSharp.csproj", "{FCBF9EA1-3DA2-7268-A75C-B0FF05CA2264}"
EndProject
Global
	GlobalSection(SolutionConfigurationPlatforms) = preSolution
		Debug|Any CPU = Debug|Any CPU
		Release|Any CPU = Release|Any CPU
	EndGlobalSection
	GlobalSection(ProjectConfigurationPlatforms) = postSolution
		{FCBF9EA1-3DA2-7268-A75C-B0FF05CA2264}.Debug|Any CPU.ActiveCfg = Debug|Any CPU
		{FCBF9EA1-3DA2-7268-A75C-B0FF05CA2264}.Debug|Any CPU.Build.0 = Debug|Any CPU
		{FCBF9EA1-3DA2-7268-A75C-B0FF05CA2264}.Release|Any CPU.ActiveCfg = Release|Any CPU
		{FCBF9EA1-3DA2-7268-A75C-B0FF05CA2264}.Release|Any CPU.Build.0 = Release|Any CPU
	EndGlobalSection
	GlobalSection(SolutionProperties) = preSolution
		HideSolutionNode = FALSE
	EndGlobalSection
	GlobalSection(MonoDevelopProperties) = preSolution
		StartupItem = Assembly-CSharp.csproj
	EndGlobalSection
EndGlobal
